
Microsoft Visual Studio Solution File, Format Version 12.00
# Visual Studio Version 17
VisualStudioVersion = 17.14.36221.1 d17.14
MinimumVisualStudioVersion = 10.0.40219.1
Project("{FAE04EC0-301F-11D3-BF4B-00C04F79EFBC}") = "ClassLibAndJWT", "ClassLibAndJWT\ClassLibAndJWT.csproj", "{C34D45F9-B110-4A7F-9C01-E25AE5F9862E}"
EndProject
Project("{FAE04EC0-301F-11D3-BF4B-00C04F79EFBC}") = "ClassLib", "ClassLib\ClassLib.csproj", "{8A94E2AB-0E0F-4EC6-A1F1-1972E31381FD}"
EndProject
Global
	GlobalSection(SolutionConfigurationPlatforms) = preSolution
		Debug|Any CPU = Debug|Any CPU
		Release|Any CPU = Release|Any CPU
	EndGlobalSection
	GlobalSection(ProjectConfigurationPlatforms) = postSolution
		{C34D45F9-B110-4A7F-9C01-E25AE5F9862E}.Debug|Any CPU.ActiveCfg = Debug|Any CPU
		{C34D45F9-B110-4A7F-9C01-E25AE5F9862E}.Debug|Any CPU.Build.0 = Debug|Any CPU
		{C34D45F9-B110-4A7F-9C01-E25AE5F9862E}.Release|Any CPU.ActiveCfg = Release|Any CPU
		{C34D45F9-B110-4A7F-9C01-E25AE5F9862E}.Release|Any CPU.Build.0 = Release|Any CPU
		{8A94E2AB-0E0F-4EC6-A1F1-1972E31381FD}.Debug|Any CPU.ActiveCfg = Debug|Any CPU
		{8A94E2AB-0E0F-4EC6-A1F1-1972E31381FD}.Debug|Any CPU.Build.0 = Debug|Any CPU
		{8A94E2AB-0E0F-4EC6-A1F1-1972E31381FD}.Release|Any CPU.ActiveCfg = Release|Any CPU
		{8A94E2AB-0E0F-4EC6-A1F1-1972E31381FD}.Release|Any CPU.Build.0 = Release|Any CPU
	EndGlobalSection
	GlobalSection(SolutionProperties) = preSolution
		HideSolutionNode = FALSE
	EndGlobalSection
	GlobalSection(ExtensibilityGlobals) = postSolution
		SolutionGuid = {1B17CE11-035D-47DC-B925-0A94AB5195B6}
	EndGlobalSection
EndGlobal
